
Microsoft Visual Studio Solution File, Format Version 12.00
Project("{FAE04EC0-301F-11D3-BF4B-00C04F79EFBC}") = "Karia.Api", "Karia.Api\Karia.Api.csproj", "{65979BEC-E2CD-49E5-8129-32679966F4DB}"
EndProject
Global
	GlobalSection(SolutionConfigurationPlatforms) = preSolution
		Debug|Any CPU = Debug|Any CPU
		Release|Any CPU = Release|Any CPU
	EndGlobalSection
	GlobalSection(ProjectConfigurationPlatforms) = postSolution
		{65979BEC-E2CD-49E5-8129-32679966F4DB}.Debug|Any CPU.ActiveCfg = Debug|Any CPU
		{65979BEC-E2CD-49E5-8129-32679966F4DB}.Debug|Any CPU.Build.0 = Debug|Any CPU
		{65979BEC-E2CD-49E5-8129-32679966F4DB}.Release|Any CPU.ActiveCfg = Release|Any CPU
		{65979BEC-E2CD-49E5-8129-32679966F4DB}.Release|Any CPU.Build.0 = Release|Any CPU
	EndGlobalSection
EndGlobal
